PODS:
  - Alamofire (4.3.0)
  - DGActivityIndicatorView (2.0)
  - KeychainAccess (3.0.1)
  - MBProgressHUD (1.0.0)
  - MJRefresh (3.1.0)
  - SDWebImage (3.8.2):
    - SDWebImage/Core (= 3.8.2)
  - SDWebImage/Core (3.8.2)
  - Spring (1.0.3)
  - SwiftyJSON (3.1.4)

DEPENDENCIES:
  - Alamofire (~> 4.3)
  - DGActivityIndicatorView
  - KeychainAccess (from `https://github.com/kishikawakatsumi/KeychainAccess.git`)
  - MBProgressHUD (~> 1.0.0)
  - MJRefresh
  - SDWebImage (~> 3.8)
  - Spring (from `https://github.com/MengTo/Spring.git`, branch `swift3`)
  - SwiftyJSON

EXTERNAL SOURCES:
  KeychainAccess:
    :git: https://github.com/kishikawakatsumi/KeychainAccess.git
  Spring:
    :branch: swift3
    :git: https://github.com/MengTo/Spring.git

CHECKOUT OPTIONS:
  KeychainAccess:
    :commit: 3bf435d89d70f6b78956d5f13239048b21014eef
    :git: https://github.com/kishikawakatsumi/KeychainAccess.git
  Spring:
    :commit: 3a9227c6e9157e7b47f5ac1ee5abab2a56b50002
    :git: https://github.com/MengTo/Spring.git

SPEC CHECKSUMS:
  Alamofire: 856a113053a7bc9cbe5d6367a555d773fc5cfef7
  DGActivityIndicatorView: 52875b025a6ccf6a431a905285c12e2bb95eb559
  KeychainAccess: 017ea25e313a49eda10bb19b0bb0760fb1edfe1a
  MBProgressHUD: 4890f671c94e8a0f3cf959aa731e9de2f036d71a
  MJRefresh: 743e6404967d1c2c688472ea3ecfde247d872db4
  SDWebImage: 098e97e6176540799c27e804c96653ee0833d13c
  Spring: 3f02b5dc3308572ef177b3cad0fa7bbc4b0706f7
  SwiftyJSON: c2842d878f95482ffceec5709abc3d05680c0220

PODFILE CHECKSUM: 9026be6aafa2d50a204febfba8c6c482ecfa4aea

COCOAPODS: 1.2.0
