// !$*UTF8*$!
{
	archiveVersion = 1;
	classes = {
	};
	objectVersion = 46;
	objects = {

/* Begin PBXBuildFile section */
		881F41271C475AEA0043DAC9 /* JobsTableViewCell.swift in Sources */ = {isa = PBXBuildFile; fileRef = 881F41261C475AEA0043DAC9 /* JobsTableViewCell.swift */; };
		881F412A1C4788A10043DAC9 /* LocationViewController.swift in Sources */ = {isa = PBXBuildFile; fileRef = 881F41291C4788A10043DAC9 /* LocationViewController.swift */; };
		881F412C1C4794450043DAC9 /* SettingsTableViewController.swift in Sources */ = {isa = PBXBuildFile; fileRef = 881F412B1C4794450043DAC9 /* SettingsTableViewController.swift */; };
		881F41341C47BD440043DAC9 /* JobDetailsViewController.swift in Sources */ = {isa = PBXBuildFile; fileRef = 881F41331C47BD440043DAC9 /* JobDetailsViewController.swift */; };
		881FCA071C23AF2800989FDF /* AppDelegate.swift in Sources */ = {isa = PBXBuildFile; fileRef = 881FCA061C23AF2800989FDF /* AppDelegate.swift */; };
		881FCA091C23AF2800989FDF /* MainViewController.swift in Sources */ = {isa = PBXBuildFile; fileRef = 881FCA081C23AF2800989FDF /* MainViewController.swift */; };
		881FCA0E1C23AF2800989FDF /* Assets.xcassets in Resources */ = {isa = PBXBuildFile; fileRef = 881FCA0D1C23AF2800989FDF /* Assets.xcassets */; };
		881FCA111C23AF2800989FDF /* LaunchScreen.storyboard in Resources */ = {isa = PBXBuildFile; fileRef = 881FCA0F1C23AF2800989FDF /* LaunchScreen.storyboard */; };
		881FCA191C23BF1300989FDF /* Main.storyboard in Resources */ = {isa = PBXBuildFile; fileRef = 881FCA181C23BF1300989FDF /* Main.storyboard */; };
		881FCA201C23CDF000989FDF /* LoginViewController.swift in Sources */ = {isa = PBXBuildFile; fileRef = 881FCA1F1C23CDF000989FDF /* LoginViewController.swift */; };
		883EDCA91C25578D00C41ED8 /* RegisterViewController.swift in Sources */ = {isa = PBXBuildFile; fileRef = 883EDCA81C25578D00C41ED8 /* RegisterViewController.swift */; };
		884296E81C4B7A9200DCB641 /* ProfileTableViewController.swift in Sources */ = {isa = PBXBuildFile; fileRef = 884296E71C4B7A9200DCB641 /* ProfileTableViewController.swift */; };
		8859B6541C48E71D001D2011 /* GalaryDetailsViewController.swift in Sources */ = {isa = PBXBuildFile; fileRef = 8859B6531C48E71D001D2011 /* GalaryDetailsViewController.swift */; };
		8875B5841C241AD40050A735 /* Account.swift in Sources */ = {isa = PBXBuildFile; fileRef = 8875B5831C241AD40050A735 /* Account.swift */; };
		8897BA731C325CB6000DD480 /* SearchViewController.swift in Sources */ = {isa = PBXBuildFile; fileRef = 8897BA721C325CB6000DD480 /* SearchViewController.swift */; };
		8897BA751C325CE1000DD480 /* HomeViewController.swift in Sources */ = {isa = PBXBuildFile; fileRef = 8897BA741C325CE1000DD480 /* HomeViewController.swift */; };
		88FD54941C259C4100186276 /* LaunchScreenViewController.swift in Sources */ = {isa = PBXBuildFile; fileRef = 88FD54931C259C4100186276 /* LaunchScreenViewController.swift */; };
		B35AFCF8ADE5C813372C43B2 /* Pods.framework in Frameworks */ = {isa = PBXBuildFile; fileRef = 105B38B2F88D07E963522799 /* Pods.framework */; };
/* End PBXBuildFile section */

/* Begin PBXFileReference section */
		105B38B2F88D07E963522799 /* Pods.framework */ = {isa = PBXFileReference; explicitFileType = wrapper.framework; includeInIndex = 0; path = Pods.framework; sourceTree = BUILT_PRODUCTS_DIR; };
		1A4744E080D01621C52CD786 /* Pods.release.xcconfig */ = {isa = PBXFileReference; includeInIndex = 1; lastKnownFileType = text.xcconfig; name = Pods.release.xcconfig; path = "Pods/Target Support Files/Pods/Pods.release.xcconfig"; sourceTree = "<group>"; };
		881F41261C475AEA0043DAC9 /* JobsTableViewCell.swift */ = {isa = PBXFileReference; fileEncoding = 4; lastKnownFileType = sourcecode.swift; path = JobsTableViewCell.swift; sourceTree = "<group>"; };
		881F41291C4788A10043DAC9 /* LocationViewController.swift */ = {isa = PBXFileReference; fileEncoding = 4; lastKnownFileType = sourcecode.swift; path = LocationViewController.swift; sourceTree = "<group>"; };
		881F412B1C4794450043DAC9 /* SettingsTableViewController.swift */ = {isa = PBXFileReference; fileEncoding = 4; lastKnownFileType = sourcecode.swift; path = SettingsTableViewController.swift; sourceTree = "<group>"; };
		881F41331C47BD440043DAC9 /* JobDetailsViewController.swift */ = {isa = PBXFileReference; fileEncoding = 4; lastKnownFileType = sourcecode.swift; path = JobDetailsViewController.swift; sourceTree = "<group>"; };
		881FCA031C23AF2800989FDF /* Partime.app */ = {isa = PBXFileReference; explicitFileType = wrapper.application; includeInIndex = 0; path = Partime.app; sourceTree = BUILT_PRODUCTS_DIR; };
		881FCA061C23AF2800989FDF /* AppDelegate.swift */ = {isa = PBXFileReference; lastKnownFileType = sourcecode.swift; path = AppDelegate.swift; sourceTree = "<group>"; };
		881FCA081C23AF2800989FDF /* MainViewController.swift */ = {isa = PBXFileReference; lastKnownFileType = sourcecode.swift; path = MainViewController.swift; sourceTree = "<group>"; };
		881FCA0D1C23AF2800989FDF /* Assets.xcassets */ = {isa = PBXFileReference; lastKnownFileType = folder.assetcatalog; path = Assets.xcassets; sourceTree = "<group>"; };
		881FCA101C23AF2800989FDF /* Base */ = {isa = PBXFileReference; lastKnownFileType = file.storyboard; name = Base; path = Base.lproj/LaunchScreen.storyboard; sourceTree = "<group>"; };
		881FCA121C23AF2800989FDF /* Info.plist */ = {isa = PBXFileReference; lastKnownFileType = text.plist.xml; path = Info.plist; sourceTree = "<group>"; };
		881FCA181C23BF1300989FDF /* Main.storyboard */ = {isa = PBXFileReference; fileEncoding = 4; lastKnownFileType = file.storyboard; path = Main.storyboard; sourceTree = "<group>"; };
		881FCA1F1C23CDF000989FDF /* LoginViewController.swift */ = {isa = PBXFileReference; fileEncoding = 4; lastKnownFileType = sourcecode.swift; path = LoginViewController.swift; sourceTree = "<group>"; };
		883EDCA81C25578D00C41ED8 /* RegisterViewController.swift */ = {isa = PBXFileReference; fileEncoding = 4; lastKnownFileType = sourcecode.swift; path = RegisterViewController.swift; sourceTree = "<group>"; };
		884296E71C4B7A9200DCB641 /* ProfileTableViewController.swift */ = {isa = PBXFileReference; fileEncoding = 4; lastKnownFileType = sourcecode.swift; path = ProfileTableViewController.swift; sourceTree = "<group>"; };
		8859B6531C48E71D001D2011 /* GalaryDetailsViewController.swift */ = {isa = PBXFileReference; fileEncoding = 4; lastKnownFileType = sourcecode.swift; path = GalaryDetailsViewController.swift; sourceTree = "<group>"; };
		8875B5831C241AD40050A735 /* Account.swift */ = {isa = PBXFileReference; fileEncoding = 4; lastKnownFileType = sourcecode.swift; path = Account.swift; sourceTree = "<group>"; };
		8897BA721C325CB6000DD480 /* SearchViewController.swift */ = {isa = PBXFileReference; fileEncoding = 4; lastKnownFileType = sourcecode.swift; path = SearchViewController.swift; sourceTree = "<group>"; };
		8897BA741C325CE1000DD480 /* HomeViewController.swift */ = {isa = PBXFileReference; fileEncoding = 4; lastKnownFileType = sourcecode.swift; path = HomeViewController.swift; sourceTree = "<group>"; };
		88FD54931C259C4100186276 /* LaunchScreenViewController.swift */ = {isa = PBXFileReference; fileEncoding = 4; lastKnownFileType = sourcecode.swift; path = LaunchScreenViewController.swift; sourceTree = "<group>"; };
		9B4CEB8D450780C65BE14FC2 /* Pods.debug.xcconfig */ = {isa = PBXFileReference; includeInIndex = 1; lastKnownFileType = text.xcconfig; name = Pods.debug.xcconfig; path = "Pods/Target Support Files/Pods/Pods.debug.xcconfig"; sourceTree = "<group>"; };
/* End PBXFileReference section */

/* Begin PBXFrameworksBuildPhase section */
		881FCA001C23AF2800989FDF /* Frameworks */ = {
			isa = PBXFrameworksBuildPhase;
			buildActionMask = 2147483647;
			files = (
				B35AFCF8ADE5C813372C43B2 /* Pods.framework in Frameworks */,
			);
			runOnlyForDeploymentPostprocessing = 0;
		};
/* End PBXFrameworksBuildPhase section */

/* Begin PBXGroup section */
		542B0A36747FC3160CE8E524 /* Frameworks */ = {
			isa = PBXGroup;
			children = (
				105B38B2F88D07E963522799 /* Pods.framework */,
			);
			name = Frameworks;
			sourceTree = "<group>";
		};
		881FC9FA1C23AF2800989FDF = {
			isa = PBXGroup;
			children = (
				881FCA051C23AF2800989FDF /* Partime */,
				881FCA041C23AF2800989FDF /* Products */,
				F6590DFA02D3469DEE09240C /* Pods */,
				542B0A36747FC3160CE8E524 /* Frameworks */,
			);
			sourceTree = "<group>";
		};
		881FCA041C23AF2800989FDF /* Products */ = {
			isa = PBXGroup;
			children = (
				881FCA031C23AF2800989FDF /* Partime.app */,
			);
			name = Products;
			sourceTree = "<group>";
		};
		881FCA051C23AF2800989FDF /* Partime */ = {
			isa = PBXGroup;
			children = (
				881FCA211C23CF3700989FDF /* Views */,
				881FCA1D1C23CD9B00989FDF /* Model */,
				884296E21C4B70C700DCB641 /* Tool */,
				881FCA1C1C23CD9500989FDF /* API */,
				881FCA061C23AF2800989FDF /* AppDelegate.swift */,
				881FCA0D1C23AF2800989FDF /* Assets.xcassets */,
				881FCA121C23AF2800989FDF /* Info.plist */,
			);
			path = Partime;
			sourceTree = "<group>";
		};
		881FCA1C1C23CD9500989FDF /* API */ = {
			isa = PBXGroup;
			children = (
			);
			name = API;
			sourceTree = "<group>";
		};
		881FCA1D1C23CD9B00989FDF /* Model */ = {
			isa = PBXGroup;
			children = (
				8875B5831C241AD40050A735 /* Account.swift */,
			);
			name = Model;
			sourceTree = "<group>";
		};
		881FCA211C23CF3700989FDF /* Views */ = {
			isa = PBXGroup;
			children = (
				881FCA241C23CF6F00989FDF /* LaunchScreenView */,
				881FCA231C23CF6300989FDF /* MainView */,
			);
			name = Views;
			sourceTree = "<group>";
		};
		881FCA231C23CF6300989FDF /* MainView */ = {
			isa = PBXGroup;
			children = (
				881FCA181C23BF1300989FDF /* Main.storyboard */,
				881FCA081C23AF2800989FDF /* MainViewController.swift */,
				8897BA741C325CE1000DD480 /* HomeViewController.swift */,
				8897BA721C325CB6000DD480 /* SearchViewController.swift */,
				884296E71C4B7A9200DCB641 /* ProfileTableViewController.swift */,
				881F41261C475AEA0043DAC9 /* JobsTableViewCell.swift */,
				881F41331C47BD440043DAC9 /* JobDetailsViewController.swift */,
				881F41291C4788A10043DAC9 /* LocationViewController.swift */,
				881F412B1C4794450043DAC9 /* SettingsTableViewController.swift */,
				8859B6531C48E71D001D2011 /* GalaryDetailsViewController.swift */,
				881FCA1F1C23CDF000989FDF /* LoginViewController.swift */,
				883EDCA81C25578D00C41ED8 /* RegisterViewController.swift */,
			);
			name = MainView;
			sourceTree = "<group>";
		};
		881FCA241C23CF6F00989FDF /* LaunchScreenView */ = {
			isa = PBXGroup;
			children = (
				881FCA0F1C23AF2800989FDF /* LaunchScreen.storyboard */,
				88FD54931C259C4100186276 /* LaunchScreenViewController.swift */,
			);
			name = LaunchScreenView;
			sourceTree = "<group>";
		};
		884296E21C4B70C700DCB641 /* Tool */ = {
			isa = PBXGroup;
			children = (
			);
			name = Tool;
			sourceTree = "<group>";
		};
		F6590DFA02D3469DEE09240C /* Pods */ = {
			isa = PBXGroup;
			children = (
				9B4CEB8D450780C65BE14FC2 /* Pods.debug.xcconfig */,
				1A4744E080D01621C52CD786 /* Pods.release.xcconfig */,
			);
			name = Pods;
			sourceTree = "<group>";
		};
/* End PBXGroup section */

/* Begin PBXNativeTarget section */
		881FCA021C23AF2800989FDF /* Partime */ = {
			isa = PBXNativeTarget;
			buildConfigurationList = 881FCA151C23AF2800989FDF /* Build configuration list for PBXNativeTarget "Partime" */;
			buildPhases = (
				E90E0D1845060E3C108D691A /* Check Pods Manifest.lock */,
				881FC9FF1C23AF2800989FDF /* Sources */,
				881FCA001C23AF2800989FDF /* Frameworks */,
				881FCA011C23AF2800989FDF /* Resources */,
				404860B99D64B5448D0B8CCA /* Embed Pods Frameworks */,
				7AFF62E8EEF2771A78F47D46 /* Copy Pods Resources */,
			);
			buildRules = (
			);
			dependencies = (
			);
			name = Partime;
			productName = Partime;
			productReference = 881FCA031C23AF2800989FDF /* Partime.app */;
			productType = "com.apple.product-type.application";
		};
/* End PBXNativeTarget section */

/* Begin PBXProject section */
		881FC9FB1C23AF2800989FDF /* Project object */ = {
			isa = PBXProject;
			attributes = {
				LastSwiftUpdateCheck = 0720;
				LastUpgradeCheck = 0720;
				ORGANIZATIONNAME = ShinCurry;
				TargetAttributes = {
					881FCA021C23AF2800989FDF = {
						CreatedOnToolsVersion = 7.2;
						DevelopmentTeam = 525R2U87NG;
					};
				};
			};
			buildConfigurationList = 881FC9FE1C23AF2800989FDF /* Build configuration list for PBXProject "Partime" */;
			compatibilityVersion = "Xcode 3.2";
			developmentRegion = English;
			hasScannedForEncodings = 0;
			knownRegions = (
				en,
				Base,
			);
			mainGroup = 881FC9FA1C23AF2800989FDF;
			productRefGroup = 881FCA041C23AF2800989FDF /* Products */;
			projectDirPath = "";
			projectRoot = "";
			targets = (
				881FCA021C23AF2800989FDF /* Partime */,
			);
		};
/* End PBXProject section */

/* Begin PBXResourcesBuildPhase section */
		881FCA011C23AF2800989FDF /* Resources */ = {
			isa = PBXResourcesBuildPhase;
			buildActionMask = 2147483647;
			files = (
				881FCA111C23AF2800989FDF /* LaunchScreen.storyboard in Resources */,
				881FCA0E1C23AF2800989FDF /* Assets.xcassets in Resources */,
				881FCA191C23BF1300989FDF /* Main.storyboard in Resources */,
			);
			runOnlyForDeploymentPostprocessing = 0;
		};
/* End PBXResourcesBuildPhase section */

/* Begin PBXShellScriptBuildPhase section */
		404860B99D64B5448D0B8CCA /* Embed Pods Frameworks */ = {
			isa = PBXShellScriptBuildPhase;
			buildActionMask = 2147483647;
			files = (
			);
			inputPaths = (
			);
			name = "Embed Pods Frameworks";
			outputPaths = (
			);
			runOnlyForDeploymentPostprocessing = 0;
			shellPath = /bin/sh;
			shellScript = "\"${SRCROOT}/Pods/Target Support Files/Pods/Pods-frameworks.sh\"\n";
			showEnvVarsInLog = 0;
		};
		7AFF62E8EEF2771A78F47D46 /* Copy Pods Resources */ = {
			isa = PBXShellScriptBuildPhase;
			buildActionMask = 2147483647;
			files = (
			);
			inputPaths = (
			);
			name = "Copy Pods Resources";
			outputPaths = (
			);
			runOnlyForDeploymentPostprocessing = 0;
			shellPath = /bin/sh;
			shellScript = "\"${SRCROOT}/Pods/Target Support Files/Pods/Pods-resources.sh\"\n";
			showEnvVarsInLog = 0;
		};
		E90E0D1845060E3C108D691A /* Check Pods Manifest.lock */ = {
			isa = PBXShellScriptBuildPhase;
			buildActionMask = 2147483647;
			files = (
			);
			inputPaths = (
			);
			name = "Check Pods Manifest.lock";
			outputPaths = (
			);
			runOnlyForDeploymentPostprocessing = 0;
			shellPath = /bin/sh;
			shellScript = "diff \"${PODS_ROOT}/../Podfile.lock\" \"${PODS_ROOT}/Manifest.lock\" > /dev/null\nif [[ $? != 0 ]] ; then\n    cat << EOM\nerror: The sandbox is not in sync with the Podfile.lock. Run 'pod install' or update your CocoaPods installation.\nEOM\n    exit 1\nfi\n";
			showEnvVarsInLog = 0;
		};
/* End PBXShellScriptBuildPhase section */

/* Begin PBXSourcesBuildPhase section */
		881FC9FF1C23AF2800989FDF /* Sources */ = {
			isa = PBXSourcesBuildPhase;
			buildActionMask = 2147483647;
			files = (
				881FCA201C23CDF000989FDF /* LoginViewController.swift in Sources */,
				8875B5841C241AD40050A735 /* Account.swift in Sources */,
				881FCA091C23AF2800989FDF /* MainViewController.swift in Sources */,
				8897BA731C325CB6000DD480 /* SearchViewController.swift in Sources */,
				883EDCA91C25578D00C41ED8 /* RegisterViewController.swift in Sources */,
				881F412A1C4788A10043DAC9 /* LocationViewController.swift in Sources */,
				884296E81C4B7A9200DCB641 /* ProfileTableViewController.swift in Sources */,
				8897BA751C325CE1000DD480 /* HomeViewController.swift in Sources */,
				881FCA071C23AF2800989FDF /* AppDelegate.swift in Sources */,
				881F41271C475AEA0043DAC9 /* JobsTableViewCell.swift in Sources */,
				8859B6541C48E71D001D2011 /* GalaryDetailsViewController.swift in Sources */,
				88FD54941C259C4100186276 /* LaunchScreenViewController.swift in Sources */,
				881F412C1C4794450043DAC9 /* SettingsTableViewController.swift in Sources */,
				881F41341C47BD440043DAC9 /* JobDetailsViewController.swift in Sources */,
			);
			runOnlyForDeploymentPostprocessing = 0;
		};
/* End PBXSourcesBuildPhase section */

/* Begin PBXVariantGroup section */
		881FCA0F1C23AF2800989FDF /* LaunchScreen.storyboard */ = {
			isa = PBXVariantGroup;
			children = (
				881FCA101C23AF2800989FDF /* Base */,
			);
			name = LaunchScreen.storyboard;
			sourceTree = "<group>";
		};
/* End PBXVariantGroup section */

/* Begin XCBuildConfiguration section */
		881FCA131C23AF2800989FDF /* Debug */ = {
			isa = XCBuildConfiguration;
			buildSettings = {
				ALWAYS_SEARCH_USER_PATHS = NO;
				CLANG_CXX_LANGUAGE_STANDARD = "gnu++0x";
				CLANG_CXX_LIBRARY = "libc++";
				CLANG_ENABLE_MODULES = YES;
				CLANG_ENABLE_OBJC_ARC = YES;
				CLANG_WARN_BOOL_CONVERSION = YES;
				CLANG_WARN_CONSTANT_CONVERSION = YES;
				CLANG_WARN_DIRECT_OBJC_ISA_USAGE = YES_ERROR;
				CLANG_WARN_EMPTY_BODY = YES;
				CLANG_WARN_ENUM_CONVERSION = YES;
				CLANG_WARN_INT_CONVERSION = YES;
				CLANG_WARN_OBJC_ROOT_CLASS = YES_ERROR;
				CLANG_WARN_UNREACHABLE_CODE = YES;
				CLANG_WARN__DUPLICATE_METHOD_MATCH = YES;
				"CODE_SIGN_IDENTITY[sdk=iphoneos*]" = "iPhone Developer";
				COPY_PHASE_STRIP = NO;
				DEBUG_INFORMATION_FORMAT = dwarf;
				ENABLE_STRICT_OBJC_MSGSEND = YES;
				ENABLE_TESTABILITY = YES;
				GCC_C_LANGUAGE_STANDARD = gnu99;
				GCC_DYNAMIC_NO_PIC = NO;
				GCC_NO_COMMON_BLOCKS = YES;
				GCC_OPTIMIZATION_LEVEL = 0;
				GCC_PREPROCESSOR_DEFINITIONS = (
					"DEBUG=1",
					"$(inherited)",
				);
				GCC_WARN_64_TO_32_BIT_CONVERSION = YES;
				GCC_WARN_ABOUT_RETURN_TYPE = YES_ERROR;
				GCC_WARN_UNDECLARED_SELECTOR = YES;
				GCC_WARN_UNINITIALIZED_AUTOS = YES_AGGRESSIVE;
				GCC_WARN_UNUSED_FUNCTION = YES;
				GCC_WARN_UNUSED_VARIABLE = YES;
				IPHONEOS_DEPLOYMENT_TARGET = 9.2;
				MTL_ENABLE_DEBUG_INFO = YES;
				ONLY_ACTIVE_ARCH = YES;
				SDKROOT = iphoneos;
				SWIFT_OPTIMIZATION_LEVEL = "-Onone";
				TARGETED_DEVICE_FAMILY = "1,2";
			};
			name = Debug;
		};
		881FCA141C23AF2800989FDF /* Release */ = {
			isa = XCBuildConfiguration;
			buildSettings = {
				ALWAYS_SEARCH_USER_PATHS = NO;
				CLANG_CXX_LANGUAGE_STANDARD = "gnu++0x";
				CLANG_CXX_LIBRARY = "libc++";
				CLANG_ENABLE_MODULES = YES;
				CLANG_ENABLE_OBJC_ARC = YES;
				CLANG_WARN_BOOL_CONVERSION = YES;
				CLANG_WARN_CONSTANT_CONVERSION = YES;
				CLANG_WARN_DIRECT_OBJC_ISA_USAGE = YES_ERROR;
				CLANG_WARN_EMPTY_BODY = YES;
				CLANG_WARN_ENUM_CONVERSION = YES;
				CLANG_WARN_INT_CONVERSION = YES;
				CLANG_WARN_OBJC_ROOT_CLASS = YES_ERROR;
				CLANG_WARN_UNREACHABLE_CODE = YES;
				CLANG_WARN__DUPLICATE_METHOD_MATCH = YES;
				"CODE_SIGN_IDENTITY[sdk=iphoneos*]" = "iPhone Developer";
				COPY_PHASE_STRIP = NO;
				DEBUG_INFORMATION_FORMAT = "dwarf-with-dsym";
				ENABLE_NS_ASSERTIONS = NO;
				ENABLE_STRICT_OBJC_MSGSEND = YES;
				GCC_C_LANGUAGE_STANDARD = gnu99;
				GCC_NO_COMMON_BLOCKS = YES;
				GCC_WARN_64_TO_32_BIT_CONVERSION = YES;
				GCC_WARN_ABOUT_RETURN_TYPE = YES_ERROR;
				GCC_WARN_UNDECLARED_SELECTOR = YES;
				GCC_WARN_UNINITIALIZED_AUTOS = YES_AGGRESSIVE;
				GCC_WARN_UNUSED_FUNCTION = YES;
				GCC_WARN_UNUSED_VARIABLE = YES;
				IPHONEOS_DEPLOYMENT_TARGET = 9.2;
				MTL_ENABLE_DEBUG_INFO = NO;
				SDKROOT = iphoneos;
				TARGETED_DEVICE_FAMILY = "1,2";
				VALIDATE_PRODUCT = YES;
			};
			name = Release;
		};
		881FCA161C23AF2800989FDF /* Debug */ = {
			isa = XCBuildConfiguration;
			baseConfigurationReference = 9B4CEB8D450780C65BE14FC2 /* Pods.debug.xcconfig */;
			buildSettings = {
				ASSETCATALOG_COMPILER_APPICON_NAME = AppIcon;
				INFOPLIST_FILE = Partime/Info.plist;
				IPHONEOS_DEPLOYMENT_TARGET = 8.0;
				LD_RUNPATH_SEARCH_PATHS = "$(inherited) @executable_path/Frameworks";
				PRODUCT_BUNDLE_IDENTIFIER = com.windisco.Partime;
				PRODUCT_NAME = "$(TARGET_NAME)";
				TARGETED_DEVICE_FAMILY = "1,2";
			};
			name = Debug;
		};
		881FCA171C23AF2800989FDF /* Release */ = {
			isa = XCBuildConfiguration;
			baseConfigurationReference = 1A4744E080D01621C52CD786 /* Pods.release.xcconfig */;
			buildSettings = {
				ASSETCATALOG_COMPILER_APPICON_NAME = AppIcon;
				INFOPLIST_FILE = Partime/Info.plist;
				IPHONEOS_DEPLOYMENT_TARGET = 8.0;
				LD_RUNPATH_SEARCH_PATHS = "$(inherited) @executable_path/Frameworks";
				PRODUCT_BUNDLE_IDENTIFIER = com.windisco.Partime;
				PRODUCT_NAME = "$(TARGET_NAME)";
				TARGETED_DEVICE_FAMILY = "1,2";
			};
			name = Release;
		};
/* End XCBuildConfiguration section */

/* Begin XCConfigurationList section */
		881FC9FE1C23AF2800989FDF /* Build configuration list for PBXProject "Partime" */ = {
			isa = XCConfigurationList;
			buildConfigurations = (
				881FCA131C23AF2800989FDF /* Debug */,
				881FCA141C23AF2800989FDF /* Release */,
			);
			defaultConfigurationIsVisible = 0;
			defaultConfigurationName = Release;
		};
		881FCA151C23AF2800989FDF /* Build configuration list for PBXNativeTarget "Partime" */ = {
			isa = XCConfigurationList;
			buildConfigurations = (
				881FCA161C23AF2800989FDF /* Debug */,
				881FCA171C23AF2800989FDF /* Release */,
			);
			defaultConfigurationIsVisible = 0;
			defaultConfigurationName = Release;
		};
/* End XCConfigurationList section */
	};
	rootObject = 881FC9FB1C23AF2800989FDF /* Project object */;
}
